{
  "name": "Portfolio V",
  "lockfileVersion": 3,
  "requires": true,
  "packages": {
    "": {
      "devDependencies": {
        "agentation": "^3.0.1"
      }
    },
    "node_modules/agentation": {
      "version": "3.0.1",
      "resolved": "https://registry.npmjs.org/agentation/-/agentation-3.0.1.tgz",
      "integrity": "sha512-4s/vTjrb4Xlg2202HJNJLu4lhcvYKGeuWGzVYRN0O6eENyb/gNZ7EclodKWpSjdkIHt1qvL8JmIsVyAIUdc7Dw==",
      "dev": true,
      "license": "PolyForm-Shield-1.0.0",
      "peerDependencies": {
        "react": ">=18.0.0",
        "react-dom": ">=18.0.0"
      },
      "peerDependenciesMeta": {
        "react": {
          "optional": true
        },
        "react-dom": {
          "optional": true
        }
      }
    }
  }
}
